
Microsoft Visual Studio Solution File, Format Version 12.00
# Visual Studio 15
VisualStudioVersion = 15.0.27004.2009
MinimumVisualStudioVersion = 10.0.40219.1
Project("{FAE04EC0-301F-11D3-BF4B-00C04F79EFBC}") = "Activity1", "Activity1\Activity1.csproj", "{19F7E908-3E60-416E-B27B-AE41BCBE9D53}"
EndProject
Project("{FAE04EC0-301F-11D3-BF4B-00C04F79EFBC}") = "Activity2.Android", "Activity2\Activity2.Android\Activity2.Android.csproj", "{68EC2632-FDD6-40F8-AEE2-F76F8FD60671}"
EndProject
Project("{FAE04EC0-301F-11D3-BF4B-00C04F79EFBC}") = "Activity2", "Activity2\Activity2\Activity2.csproj", "{C61C6B54-C026-46FB-9B8C-1F9B6897C755}"
EndProject
Project("{FAE04EC0-301F-11D3-BF4B-00C04F79EFBC}") = "Activity2.iOS", "Activity2\Activity2.iOS\Activity2.iOS.csproj", "{71A959EA-1C17-4E9C-9289-90318C9D1E2B}"
EndProject
Global
	GlobalSection(SolutionConfigurationPlatforms) = preSolution
		Ad-Hoc|Any CPU = Ad-Hoc|Any CPU
		Ad-Hoc|iPhone = Ad-Hoc|iPhone
		Ad-Hoc|iPhoneSimulator = Ad-Hoc|iPhoneSimulator
		AppStore|Any CPU = AppStore|Any CPU
		AppStore|iPhone = AppStore|iPhone
		AppStore|iPhoneSimulator = AppStore|iPhoneSimulator
		Debug|Any CPU = Debug|Any CPU
		Debug|iPhone = Debug|iPhone
		Debug|iPhoneSimulator = Debug|iPhoneSimulator
		Release|Any CPU = Release|Any CPU
		Release|iPhone = Release|iPhone
		Release|iPhoneSimulator = Release|iPhoneSimulator
	EndGlobalSection
	GlobalSection(ProjectConfigurationPlatforms) = postSolution
		{19F7E908-3E60-416E-B27B-AE41BCBE9D53}.Ad-Hoc|Any CPU.ActiveCfg = Release|Any CPU
		{19F7E908-3E60-416E-B27B-AE41BCBE9D53}.Ad-Hoc|Any CPU.Build.0 = Release|Any CPU
		{19F7E908-3E60-416E-B27B-AE41BCBE9D53}.Ad-Hoc|Any CPU.Deploy.0 = Release|Any CPU
		{19F7E908-3E60-416E-B27B-AE41BCBE9D53}.Ad-Hoc|iPhone.ActiveCfg = Release|Any CPU
		{19F7E908-3E60-416E-B27B-AE41BCBE9D53}.Ad-Hoc|iPhone.Build.0 = Release|Any CPU
		{19F7E908-3E60-416E-B27B-AE41BCBE9D53}.Ad-Hoc|iPhone.Deploy.0 = Release|Any CPU
		{19F7E908-3E60-416E-B27B-AE41BCBE9D53}.Ad-Hoc|iPhoneSimulator.ActiveCfg = Release|Any CPU
		{19F7E908-3E60-416E-B27B-AE41BCBE9D53}.Ad-Hoc|iPhoneSimulator.Build.0 = Release|Any CPU
		{19F7E908-3E60-416E-B27B-AE41BCBE9D53}.Ad-Hoc|iPhoneSimulator.Deploy.0 = Release|Any CPU
		{19F7E908-3E60-416E-B27B-AE41BCBE9D53}.AppStore|Any CPU.ActiveCfg = Release|Any CPU
		{19F7E908-3E60-416E-B27B-AE41BCBE9D53}.AppStore|Any CPU.Build.0 = Release|Any CPU
		{19F7E908-3E60-416E-B27B-AE41BCBE9D53}.AppStore|Any CPU.Deploy.0 = Release|Any CPU
		{19F7E908-3E60-416E-B27B-AE41BCBE9D53}.AppStore|iPhone.ActiveCfg = Release|Any CPU
		{19F7E908-3E60-416E-B27B-AE41BCBE9D53}.AppStore|iPhone.Build.0 = Release|Any CPU
		{19F7E908-3E60-416E-B27B-AE41BCBE9D53}.AppStore|iPhone.Deploy.0 = Release|Any CPU
		{19F7E908-3E60-416E-B27B-AE41BCBE9D53}.AppStore|iPhoneSimulator.ActiveCfg = Release|Any CPU
		{19F7E908-3E60-416E-B27B-AE41BCBE9D53}.AppStore|iPhoneSimulator.Build.0 = Release|Any CPU
		{19F7E908-3E60-416E-B27B-AE41BCBE9D53}.AppStore|iPhoneSimulator.Deploy.0 = Release|Any CPU
		{19F7E908-3E60-416E-B27B-AE41BCBE9D53}.Debug|Any CPU.ActiveCfg = Debug|Any CPU
		{19F7E908-3E60-416E-B27B-AE41BCBE9D53}.Debug|Any CPU.Build.0 = Debug|Any CPU
		{19F7E908-3E60-416E-B27B-AE41BCBE9D53}.Debug|Any CPU.Deploy.0 = Debug|Any CPU
		{19F7E908-3E60-416E-B27B-AE41BCBE9D53}.Debug|iPhone.ActiveCfg = Debug|Any CPU
		{19F7E908-3E60-416E-B27B-AE41BCBE9D53}.Debug|iPhone.Build.0 = Debug|Any CPU
		{19F7E908-3E60-416E-B27B-AE41BCBE9D53}.Debug|iPhone.Deploy.0 = Debug|Any CPU
		{19F7E908-3E60-416E-B27B-AE41BCBE9D53}.Debug|iPhoneSimulator.ActiveCfg = Debug|Any CPU
		{19F7E908-3E60-416E-B27B-AE41BCBE9D53}.Debug|iPhoneSimulator.Build.0 = Debug|Any CPU
		{19F7E908-3E60-416E-B27B-AE41BCBE9D53}.Debug|iPhoneSimulator.Deploy.0 = Debug|Any CPU
		{19F7E908-3E60-416E-B27B-AE41BCBE9D53}.Release|Any CPU.ActiveCfg = Release|Any CPU
		{19F7E908-3E60-416E-B27B-AE41BCBE9D53}.Release|Any CPU.Build.0 = Release|Any CPU
		{19F7E908-3E60-416E-B27B-AE41BCBE9D53}.Release|Any CPU.Deploy.0 = Release|Any CPU
		{19F7E908-3E60-416E-B27B-AE41BCBE9D53}.Release|iPhone.ActiveCfg = Release|Any CPU
		{19F7E908-3E60-416E-B27B-AE41BCBE9D53}.Release|iPhone.Build.0 = Release|Any CPU
		{19F7E908-3E60-416E-B27B-AE41BCBE9D53}.Release|iPhone.Deploy.0 = Release|Any CPU
		{19F7E908-3E60-416E-B27B-AE41BCBE9D53}.Release|iPhoneSimulator.ActiveCfg = Release|Any CPU
		{19F7E908-3E60-416E-B27B-AE41BCBE9D53}.Release|iPhoneSimulator.Build.0 = Release|Any CPU
		{19F7E908-3E60-416E-B27B-AE41BCBE9D53}.Release|iPhoneSimulator.Deploy.0 = Release|Any CPU
		{68EC2632-FDD6-40F8-AEE2-F76F8FD60671}.Ad-Hoc|Any CPU.ActiveCfg = Release|Any CPU
		{68EC2632-FDD6-40F8-AEE2-F76F8FD60671}.Ad-Hoc|Any CPU.Build.0 = Release|Any CPU
		{68EC2632-FDD6-40F8-AEE2-F76F8FD60671}.Ad-Hoc|Any CPU.Deploy.0 = Release|Any CPU
		{68EC2632-FDD6-40F8-AEE2-F76F8FD60671}.Ad-Hoc|iPhone.ActiveCfg = Release|Any CPU
		{68EC2632-FDD6-40F8-AEE2-F76F8FD60671}.Ad-Hoc|iPhone.Build.0 = Release|Any CPU
		{68EC2632-FDD6-40F8-AEE2-F76F8FD60671}.Ad-Hoc|iPhone.Deploy.0 = Release|Any CPU
		{68EC2632-FDD6-40F8-AEE2-F76F8FD60671}.Ad-Hoc|iPhoneSimulator.ActiveCfg = Release|Any CPU
		{68EC2632-FDD6-40F8-AEE2-F76F8FD60671}.Ad-Hoc|iPhoneSimulator.Build.0 = Release|Any CPU
		{68EC2632-FDD6-40F8-AEE2-F76F8FD60671}.Ad-Hoc|iPhoneSimulator.Deploy.0 = Release|Any CPU
		{68EC2632-FDD6-40F8-AEE2-F76F8FD60671}.AppStore|Any CPU.ActiveCfg = Release|Any CPU
		{68EC2632-FDD6-40F8-AEE2-F76F8FD60671}.AppStore|Any CPU.Build.0 = Release|Any CPU
		{68EC2632-FDD6-40F8-AEE2-F76F8FD60671}.AppStore|Any CPU.Deploy.0 = Release|Any CPU
		{68EC2632-FDD6-40F8-AEE2-F76F8FD60671}.AppStore|iPhone.ActiveCfg = Release|Any CPU
		{68EC2632-FDD6-40F8-AEE2-F76F8FD60671}.AppStore|iPhone.Build.0 = Release|Any CPU
		{68EC2632-FDD6-40F8-AEE2-F76F8FD60671}.AppStore|iPhone.Deploy.0 = Release|Any CPU
		{68EC2632-FDD6-40F8-AEE2-F76F8FD60671}.AppStore|iPhoneSimulator.ActiveCfg = Release|Any CPU
		{68EC2632-FDD6-40F8-AEE2-F76F8FD60671}.AppStore|iPhoneSimulator.Build.0 = Release|Any CPU
		{68EC2632-FDD6-40F8-AEE2-F76F8FD60671}.AppStore|iPhoneSimulator.Deploy.0 = Release|Any CPU
		{68EC2632-FDD6-40F8-AEE2-F76F8FD60671}.Debug|Any CPU.ActiveCfg = Debug|Any CPU
		{68EC2632-FDD6-40F8-AEE2-F76F8FD60671}.Debug|Any CPU.Build.0 = Debug|Any CPU
		{68EC2632-FDD6-40F8-AEE2-F76F8FD60671}.Debug|Any CPU.Deploy.0 = Debug|Any CPU
		{68EC2632-FDD6-40F8-AEE2-F76F8FD60671}.Debug|iPhone.ActiveCfg = Debug|Any CPU
		{68EC2632-FDD6-40F8-AEE2-F76F8FD60671}.Debug|iPhone.Build.0 = Debug|Any CPU
		{68EC2632-FDD6-40F8-AEE2-F76F8FD60671}.Debug|iPhone.Deploy.0 = Debug|Any CPU
		{68EC2632-FDD6-40F8-AEE2-F76F8FD60671}.Debug|iPhoneSimulator.ActiveCfg = Debug|Any CPU
		{68EC2632-FDD6-40F8-AEE2-F76F8FD60671}.Debug|iPhoneSimulator.Build.0 = Debug|Any CPU
		{68EC2632-FDD6-40F8-AEE2-F76F8FD60671}.Debug|iPhoneSimulator.Deploy.0 = Debug|Any CPU
		{68EC2632-FDD6-40F8-AEE2-F76F8FD60671}.Release|Any CPU.ActiveCfg = Release|Any CPU
		{68EC2632-FDD6-40F8-AEE2-F76F8FD60671}.Release|Any CPU.Build.0 = Release|Any CPU
		{68EC2632-FDD6-40F8-AEE2-F76F8FD60671}.Release|Any CPU.Deploy.0 = Release|Any CPU
		{68EC2632-FDD6-40F8-AEE2-F76F8FD60671}.Release|iPhone.ActiveCfg = Release|Any CPU
		{68EC2632-FDD6-40F8-AEE2-F76F8FD60671}.Release|iPhone.Build.0 = Release|Any CPU
		{68EC2632-FDD6-40F8-AEE2-F76F8FD60671}.Release|iPhone.Deploy.0 = Release|Any CPU
		{68EC2632-FDD6-40F8-AEE2-F76F8FD60671}.Release|iPhoneSimulator.ActiveCfg = Release|Any CPU
		{68EC2632-FDD6-40F8-AEE2-F76F8FD60671}.Release|iPhoneSimulator.Build.0 = Release|Any CPU
		{68EC2632-FDD6-40F8-AEE2-F76F8FD60671}.Release|iPhoneSimulator.Deploy.0 = Release|Any CPU
		{C61C6B54-C026-46FB-9B8C-1F9B6897C755}.Ad-Hoc|Any CPU.ActiveCfg = Release|Any CPU
		{C61C6B54-C026-46FB-9B8C-1F9B6897C755}.Ad-Hoc|Any CPU.Build.0 = Release|Any CPU
		{C61C6B54-C026-46FB-9B8C-1F9B6897C755}.Ad-Hoc|iPhone.ActiveCfg = Release|Any CPU
		{C61C6B54-C026-46FB-9B8C-1F9B6897C755}.Ad-Hoc|iPhone.Build.0 = Release|Any CPU
		{C61C6B54-C026-46FB-9B8C-1F9B6897C755}.Ad-Hoc|iPhoneSimulator.ActiveCfg = Release|Any CPU
		{C61C6B54-C026-46FB-9B8C-1F9B6897C755}.Ad-Hoc|iPhoneSimulator.Build.0 = Release|Any CPU
		{C61C6B54-C026-46FB-9B8C-1F9B6897C755}.AppStore|Any CPU.ActiveCfg = Release|Any CPU
		{C61C6B54-C026-46FB-9B8C-1F9B6897C755}.AppStore|Any CPU.Build.0 = Release|Any CPU
		{C61C6B54-C026-46FB-9B8C-1F9B6897C755}.AppStore|iPhone.ActiveCfg = Release|Any CPU
		{C61C6B54-C026-46FB-9B8C-1F9B6897C755}.AppStore|iPhone.Build.0 = Release|Any CPU
		{C61C6B54-C026-46FB-9B8C-1F9B6897C755}.AppStore|iPhoneSimulator.ActiveCfg = Release|Any CPU
		{C61C6B54-C026-46FB-9B8C-1F9B6897C755}.AppStore|iPhoneSimulator.Build.0 = Release|Any CPU
		{C61C6B54-C026-46FB-9B8C-1F9B6897C755}.Debug|Any CPU.ActiveCfg = Debug|Any CPU
		{C61C6B54-C026-46FB-9B8C-1F9B6897C755}.Debug|Any CPU.Build.0 = Debug|Any CPU
		{C61C6B54-C026-46FB-9B8C-1F9B6897C755}.Debug|iPhone.ActiveCfg = Debug|Any CPU
		{C61C6B54-C026-46FB-9B8C-1F9B6897C755}.Debug|iPhone.Build.0 = Debug|Any CPU
		{C61C6B54-C026-46FB-9B8C-1F9B6897C755}.Debug|iPhoneSimulator.ActiveCfg = Debug|Any CPU
		{C61C6B54-C026-46FB-9B8C-1F9B6897C755}.Debug|iPhoneSimulator.Build.0 = Debug|Any CPU
		{C61C6B54-C026-46FB-9B8C-1F9B6897C755}.Release|Any CPU.ActiveCfg = Release|Any CPU
		{C61C6B54-C026-46FB-9B8C-1F9B6897C755}.Release|Any CPU.Build.0 = Release|Any CPU
		{C61C6B54-C026-46FB-9B8C-1F9B6897C755}.Release|iPhone.ActiveCfg = Release|Any CPU
		{C61C6B54-C026-46FB-9B8C-1F9B6897C755}.Release|iPhone.Build.0 = Release|Any CPU
		{C61C6B54-C026-46FB-9B8C-1F9B6897C755}.Release|iPhoneSimulator.ActiveCfg = Release|Any CPU
		{C61C6B54-C026-46FB-9B8C-1F9B6897C755}.Release|iPhoneSimulator.Build.0 = Release|Any CPU
		{71A959EA-1C17-4E9C-9289-90318C9D1E2B}.Ad-Hoc|Any CPU.ActiveCfg = Ad-Hoc|iPhoneSimulator
		{71A959EA-1C17-4E9C-9289-90318C9D1E2B}.Ad-Hoc|iPhone.ActiveCfg = Ad-Hoc|iPhone
		{71A959EA-1C17-4E9C-9289-90318C9D1E2B}.Ad-Hoc|iPhone.Build.0 = Ad-Hoc|iPhone
		{71A959EA-1C17-4E9C-9289-90318C9D1E2B}.Ad-Hoc|iPhoneSimulator.ActiveCfg = Ad-Hoc|iPhoneSimulator
		{71A959EA-1C17-4E9C-9289-90318C9D1E2B}.Ad-Hoc|iPhoneSimulator.Build.0 = Ad-Hoc|iPhoneSimulator
		{71A959EA-1C17-4E9C-9289-90318C9D1E2B}.AppStore|Any CPU.ActiveCfg = AppStore|iPhoneSimulator
		{71A959EA-1C17-4E9C-9289-90318C9D1E2B}.AppStore|iPhone.ActiveCfg = AppStore|iPhone
		{71A959EA-1C17-4E9C-9289-90318C9D1E2B}.AppStore|iPhone.Build.0 = AppStore|iPhone
		{71A959EA-1C17-4E9C-9289-90318C9D1E2B}.AppStore|iPhoneSimulator.ActiveCfg = AppStore|iPhoneSimulator
		{71A959EA-1C17-4E9C-9289-90318C9D1E2B}.AppStore|iPhoneSimulator.Build.0 = AppStore|iPhoneSimulator
		{71A959EA-1C17-4E9C-9289-90318C9D1E2B}.Debug|Any CPU.ActiveCfg = Debug|iPhoneSimulator
		{71A959EA-1C17-4E9C-9289-90318C9D1E2B}.Debug|iPhone.ActiveCfg = Debug|iPhone
		{71A959EA-1C17-4E9C-9289-90318C9D1E2B}.Debug|iPhone.Build.0 = Debug|iPhone
		{71A959EA-1C17-4E9C-9289-90318C9D1E2B}.Debug|iPhoneSimulator.ActiveCfg = Debug|iPhoneSimulator
		{71A959EA-1C17-4E9C-9289-90318C9D1E2B}.Debug|iPhoneSimulator.Build.0 = Debug|iPhoneSimulator
		{71A959EA-1C17-4E9C-9289-90318C9D1E2B}.Release|Any CPU.ActiveCfg = Release|iPhoneSimulator
		{71A959EA-1C17-4E9C-9289-90318C9D1E2B}.Release|iPhone.ActiveCfg = Release|iPhone
		{71A959EA-1C17-4E9C-9289-90318C9D1E2B}.Release|iPhone.Build.0 = Release|iPhone
		{71A959EA-1C17-4E9C-9289-90318C9D1E2B}.Release|iPhoneSimulator.ActiveCfg = Release|iPhoneSimulator
		{71A959EA-1C17-4E9C-9289-90318C9D1E2B}.Release|iPhoneSimulator.Build.0 = Release|iPhoneSimulator
	EndGlobalSection
	GlobalSection(SolutionProperties) = preSolution
		HideSolutionNode = FALSE
	EndGlobalSection
	GlobalSection(ExtensibilityGlobals) = postSolution
		SolutionGuid = {54658D3E-041F-4AC5-9A7E-BB82E5E4DA95}
	EndGlobalSection
EndGlobal
